github.com/BurntSushi/toml v0.3.1/go.mod h1:xHWCNGjB5oqiDr8zfno3MHue2Ht5sIBksp03qcyfWMU=
github.com/aws/aws-lambda-go v1.28.0 h1:fZiik1PZqW2IyAN4rj+Y0UBaO1IDFlsNo9Zz/XnArK4=
github.com/aws/aws-lambda-go v1.28.0/go.mod h1:jJmlefzPfGnckuHdXX7/80O3BvUUi12XOkbv4w9SGLU=
github.com/aws/aws-sdk-go-v2 v1.32.2 h1:AkNLZEyYMLnx/Q/mSKkcMqwNFXMAvFto9bNsHqcTduI=
github.com/aws/aws-sdk-go-v2 v1.32.2/go.mod h1:2SK5n0a2karNTv5tbP1SjsX0uhttou00v/HpXKM1ZUo=
github.com/aws/aws-sdk-go-v2/aws/protocol/eventstream v1.6.6 h1:pT3hpW0cOHRJx8Y0DfJUEQuqPild8jRGmSFmBgvydr0=
github.com/aws/aws-sdk-go-v2/aws/protocol/eventstream v1.6.6/go.mod h1:j/I2++U0xX+cr44QjHay4Cvxj6FUbnxrgmqN3H1jTZA=
github.com/aws/aws-sdk-go-v2/config v1.27.21 h1:yPX3pjGCe2hJsetlmGNB4Mngu7UPmvWPzzWCv1+boeM=
github.com/aws/aws-sdk-go-v2/config v1.27.21/go.mod h1:4XtlEU6DzNai8RMbjSF5MgGZtYvrhBP/aKZcRtZAVdM=
github.com/aws/aws-sdk-go-v2/credentials v1.17.21 h1:pjAqgzfgFhTv5grc7xPHtXCAaMapzmwA7aU+c/SZQGw=
github.com/aws/aws-sdk-go-v2/credentials v1.17.21/go.mod h1:nhK6PtBlfHTUDVmBLr1dg+WHCOCK+1Fu/WQyVHPsgNQ=
github.com/aws/aws-sdk-go-v2/feature/ec2/imds v1.16.8 h1:FR+oWPFb/8qMVYMWN98bUZAGqPvLHiyqg1wqQGfUAXY=
github.com/aws/aws-sdk-go-v2/feature/ec2/imds v1.16.8/go.mod h1:EgSKcHiuuakEIxJcKGzVNWh5srVAQ3jKaSrBGRYvM48=
github.com/aws/aws-sdk-go-v2/internal/configsources v1.3.21 h1:UAsR3xA31QGf79WzpG/ixT9FZvQlh5HY1NRqSHBNOCk=
github.com/aws/aws-sdk-go-v2/internal/configsources v1.3.21/go.mod h1:JNr43NFf5L9YaG3eKTm7HQzls9J+A9YYcGI5Quh1r2Y=
github.com/aws/aws-sdk-go-v2/internal/endpoints/v2 v2.6.21 h1:6jZVETqmYCadGFvrYEQfC5fAQmlo80CeL5psbno6r0s=
github.com/aws/aws-sdk-go-v2/internal/endpoints/v2 v2.6.21/go.mod h1:1SR0GbLlnN3QUmYaflZNiH1ql+1qrSiB2vwcJ+4UM60=
github.com/aws/aws-sdk-go-v2/internal/ini v1.8.0 h1:hT8rVHwugYE2lEfdFE0QWVo81lF7jMrYJVDWI+f+VxU=
github.com/aws/aws-sdk-go-v2/internal/ini v1.8.0/go.mod h1:8tu/lYfQfFe6IGnaOdrpVgEL2IrrDOf6/m9RQum4NkY=
github.com/aws/aws-sdk-go-v2/internal/v4a v1.3.21 h1:7edmS3VOBDhK00b/MwGtGglCm7hhwNYnjJs/PgFdMQE=
github.com/aws/aws-sdk-go-v2/internal/v4a v1.3.21/go.mod h1:Q9o5h4HoIWG8XfzxqiuK/CGUbepCJ8uTlaE3bAbxytQ=
github.com/aws/aws-sdk-go-v2/service/internal/accept-encoding v1.12.0 h1:TToQNkvGguu209puTojY/ozlqy2d/SFNcoLIqTFi42g=
github.com/aws/aws-sdk-go-v2/service/internal/accept-encoding v1.12.0/go.mod h1:0jp+ltwkf+SwG2fm/PKo8t4y8pJSgOCO4D8Lz3k0aHQ=
github.com/aws/aws-sdk-go-v2/service/internal/checksum v1.4.2 h1:4FMHqLfk0efmTqhXVRL5xYRqlEBNBiRI7N6w4jsEdd4=
github.com/aws/aws-sdk-go-v2/service/internal/checksum v1.4.2/go.mod h1:LWoqeWlK9OZeJxsROW2RqrSPvQHKTpp69r/iDjwsSaw=
github.com/aws/aws-sdk-go-v2/service/internal/presigned-url v1.12.2 h1:s7NA1SOw8q/5c0wr8477yOPp0z+uBaXBnLE0XYb0POA=
github.com/aws/aws-sdk-go-v2/service/internal/presigned-url v1.12.2/go.mod h1:fnjjWyAW/Pj5HYOxl9LJqWtEwS7W2qgcRLWP+uWbss0=
github.com/aws/aws-sdk-go-v2/service/internal/s3shared v1.18.2 h1:t7iUP9+4wdc5lt3E41huP+GvQZJD38WLsgVp4iOtAjg=
github.com/aws/aws-sdk-go-v2/service/internal/s3shared v1.18.2/go.mod h1:/niFCtmuQNxqx9v8WAPq5qh7EH25U4BF6tjoyq9bObM=
github.com/aws/aws-sdk-go-v2/service/s3 v1.66.0 h1:xA6XhTF7PE89BCNHJbQi8VvPzcgMtmGC5dr8S8N7lHk=
github.com/aws/aws-sdk-go-v2/service/s3 v1.66.0/go.mod h1:cB6oAuus7YXRZhWCc1wIwPywwZ1XwweNp2TVAEGYeB8=
github.com/aws/aws-sdk-go-v2/service/sso v1.21.1 h1:sd0BsnAvLH8gsp2e3cbaIr+9D7T1xugueQ7V/zUAsS4=
github.com/aws/aws-sdk-go-v2/service/sso v1.21.1/go.mod h1:lcQG/MmxydijbeTOp04hIuJwXGWPZGI3bwdFDGRTv14=
github.com/aws/aws-sdk-go-v2/service/ssooidc v1.25.1 h1:1uEFNNskK/I1KoZ9Q8wJxMz5V9jyBlsiaNrM7vA3YUQ=
github.com/aws/aws-sdk-go-v2/service/ssooidc v1.25.1/go.mod h1:z0P8K+cBIsFXUr5rzo/psUeJ20XjPN0+Nn8067Nd+E4=
github.com/aws/aws-sdk-go-v2/service/sts v1.29.1 h1:myX5CxqXE0QMZNja6FA1/FSE3Vu1rVmeUmpJMMzeZg0=
github.com/aws/aws-sdk-go-v2/service/sts v1.29.1/go.mod h1:N2mQiucsO0VwK9CYuS4/c2n6Smeh1v47Rz3dWCPFLdE=
github.com/aws/smithy-go v1.22.0 h1:uunKnWlcoL3zO7q+gG2Pk53joueEOsnNB28QdMsmiMM=
github.com/aws/smithy-go v1.22.0/go.mod h1:irrKGvNn1InZwb2d7fkIRNucdfwR8R+Ts3wxYa/cJHg=
github.com/cpuguy83/go-md2man/v2 v2.0.0-20190314233015-f79a8a8ca69d/go.mod h1:maD7wRr/U5Z6m/iR4s+kqSMx2CaBsrgA7czyZG/E6dU=
github.com/cpuguy83/go-md2man/v2 v2.0.0/go.mod h1:maD7wRr/U5Z6m/iR4s+kqSMx2CaBsrgA7czyZG/E6dU=
github.com/davecgh/go-spew v1.1.0/go.mod h1:J7Y8YcW2NihsgmVo/mv3lAwl/skON4iLHjSsI+c5H38=
github.com/davecgh/go-spew v1.1.1 h1:vj9j/u1bqnvCEfJOwUhtlOARqs3+rkHYY13jYWTU97c=
github.com/davecgh/go-spew v1.1.1/go.mod h1:J7Y8YcW2NihsgmVo/mv3lAwl/skON4iLHjSsI+c5H38=
github.com/pmezard/go-difflib v1.0.0 h1:4DBwDE0NGyQoBHbLQYPwSUPoCMWR5BEzIk/f1lZbAQM=
github.com/pmezard/go-difflib v1.0.0/go.mod h1:iKH77koFhYxTK1pcRnkKkqfTogsbg7gZNVY4sRDYZ/4=
github.com/russross/blackfriday/v2 v2.0.1/go.mod h1:+Rmxgy9KzJVeS9/2gXHxylqXiyQDYRxCVz55jmeOWTM=
github.com/shurcooL/sanitized_anchor_name v1.0.0/go.mod h1:1NzhyTcUVG4SuEtjjoZeVRXNmyL/1OwPU0+IJeTBvfc=
github.com/stretchr/objx v0.1.0/go.mod h1:HFkY916IF+rwdDfMAkV7OtwuqBVzrE8GR6GFx+wExME=
github.com/stretchr/testify v1.6.1 h1:hDPOHmpOpP40lSULcqw7IrRb/u7w6RpDC9399XyoNd0=
github.com/stretchr/testify v1.6.1/go.mod h1:6Fq8oRcR53rry900zMqJjRRixrwX3KX962/h/Wwjteg=
github.com/urfave/cli/v2 v2.2.0/go.mod h1:SE9GqnLQmjVa0iPEY0f1w3ygNIYcIJ0OKPMoW2caLfQ=
gopkg.in/check.v1 v0.0.0-20161208181325-20d25e280405/go.mod h1:Co6ibVJAznAaIkqp8huTwlJQCZ016jof/cbN4VW5Yz0=
gopkg.in/yaml.v2 v2.2.2/go.mod h1:hI93XBmqTisBFMUTm0b8Fm+jr3Dg1NNxqwp+5A1VGuI=
gopkg.in/yaml.v3 v3.0.0-20200313102051-9f266ea9e77c/go.mod h1:K4uyk7z7BCEPqu6E+C64Yfv1cQ7kz7rIZviUmN+EgEM=
gopkg.in/yaml.v3 v3.0.0-20200615113413-eeeca48fe776 h1:tQIYjPdBoyREyB9XMu+nnTclpTYkz2zFM+lzLJFO4gQ=
gopkg.in/yaml.v3 v3.0.0-20200615113413-eeeca48fe776/go.mod h1:K4uyk7z7BCEPqu6E+C64Yfv1cQ7kz7rIZviUmN+EgEM=
